
Microsoft Visual Studio Solution File, Format Version 12.00
# Visual Studio Version 17
VisualStudioVersion = 17.6.33815.320
MinimumVisualStudioVersion = 10.0.40219.1
Project("{9A19103F-16F7-4668-BE54-9A1E7A4F7556}") = "ParcelCostCalculation", "ParcelCostCalculation\ParcelCostCalculation.csproj", "{BC497833-57A2-4E46-A7D0-6C6A2A29CEC4}"
EndProject
Project("{2150E333-8FDC-42A3-9474-1A3956D46DE8}") = "Src", "Src", "{27F06C56-8DDB-4067-814A-E28565E22EBB}"
EndProject
Project("{2150E333-8FDC-42A3-9474-1A3956D46DE8}") = "WebAPI", "WebAPI", "{DAD3B299-20F6-4486-B670-720D83A3C723}"
EndProject
Project("{2150E333-8FDC-42A3-9474-1A3956D46DE8}") = "Test", "Test", "{8F1BE1A3-73EA-4287-BC47-154F743B6AFD}"
EndProject
Project("{2150E333-8FDC-42A3-9474-1A3956D46DE8}") = "ServiceModel", "ServiceModel", "{8597293A-D8F0-404D-BD1B-F19EF56D6A1B}"
EndProject
Project("{9A19103F-16F7-4668-BE54-9A1E7A4F7556}") = "ServiceModel", "ServiceModel\ServiceModel.csproj", "{31B5751E-1880-4292-8386-9C396066C7F0}"
EndProject
Project("{2150E333-8FDC-42A3-9474-1A3956D46DE8}") = "ServerModel", "ServerModel", "{1E9FF06C-3EF1-4726-97FD-E5D558127869}"
EndProject
Project("{9A19103F-16F7-4668-BE54-9A1E7A4F7556}") = "ServerModel", "ServerModel\ServerModel.csproj", "{C2BB3C06-4A58-4DBF-8A0B-E70578385CAD}"
EndProject
Project("{2150E333-8FDC-42A3-9474-1A3956D46DE8}") = "Common", "Common", "{E97991A3-AC38-4ACE-8237-0FE45876AF0C}"
EndProject
Project("{FAE04EC0-301F-11D3-BF4B-00C04F79EFBC}") = "Common", "Common\Common.csproj", "{622BAC44-EF1A-4D9F-ABAA-90609EA9C823}"
EndProject
Project("{FAE04EC0-301F-11D3-BF4B-00C04F79EFBC}") = "ParcelCostCalculation.Test", "ParcelCostCalculation.Test\ParcelCostCalculation.Test.csproj", "{9E669363-D6F4-49D8-A13C-392475C5F41A}"
EndProject
Global
	GlobalSection(SolutionConfigurationPlatforms) = preSolution
		Debug|Any CPU = Debug|Any CPU
		Release|Any CPU = Release|Any CPU
	EndGlobalSection
	GlobalSection(ProjectConfigurationPlatforms) = postSolution
		{BC497833-57A2-4E46-A7D0-6C6A2A29CEC4}.Debug|Any CPU.ActiveCfg = Debug|Any CPU
		{BC497833-57A2-4E46-A7D0-6C6A2A29CEC4}.Debug|Any CPU.Build.0 = Debug|Any CPU
		{BC497833-57A2-4E46-A7D0-6C6A2A29CEC4}.Release|Any CPU.ActiveCfg = Release|Any CPU
		{BC497833-57A2-4E46-A7D0-6C6A2A29CEC4}.Release|Any CPU.Build.0 = Release|Any CPU
		{31B5751E-1880-4292-8386-9C396066C7F0}.Debug|Any CPU.ActiveCfg = Debug|Any CPU
		{31B5751E-1880-4292-8386-9C396066C7F0}.Debug|Any CPU.Build.0 = Debug|Any CPU
		{31B5751E-1880-4292-8386-9C396066C7F0}.Release|Any CPU.ActiveCfg = Release|Any CPU
		{31B5751E-1880-4292-8386-9C396066C7F0}.Release|Any CPU.Build.0 = Release|Any CPU
		{C2BB3C06-4A58-4DBF-8A0B-E70578385CAD}.Debug|Any CPU.ActiveCfg = Debug|Any CPU
		{C2BB3C06-4A58-4DBF-8A0B-E70578385CAD}.Debug|Any CPU.Build.0 = Debug|Any CPU
		{C2BB3C06-4A58-4DBF-8A0B-E70578385CAD}.Release|Any CPU.ActiveCfg = Release|Any CPU
		{C2BB3C06-4A58-4DBF-8A0B-E70578385CAD}.Release|Any CPU.Build.0 = Release|Any CPU
		{622BAC44-EF1A-4D9F-ABAA-90609EA9C823}.Debug|Any CPU.ActiveCfg = Debug|Any CPU
		{622BAC44-EF1A-4D9F-ABAA-90609EA9C823}.Debug|Any CPU.Build.0 = Debug|Any CPU
		{622BAC44-EF1A-4D9F-ABAA-90609EA9C823}.Release|Any CPU.ActiveCfg = Release|Any CPU
		{622BAC44-EF1A-4D9F-ABAA-90609EA9C823}.Release|Any CPU.Build.0 = Release|Any CPU
		{9E669363-D6F4-49D8-A13C-392475C5F41A}.Debug|Any CPU.ActiveCfg = Debug|Any CPU
		{9E669363-D6F4-49D8-A13C-392475C5F41A}.Debug|Any CPU.Build.0 = Debug|Any CPU
		{9E669363-D6F4-49D8-A13C-392475C5F41A}.Release|Any CPU.ActiveCfg = Release|Any CPU
		{9E669363-D6F4-49D8-A13C-392475C5F41A}.Release|Any CPU.Build.0 = Release|Any CPU
	EndGlobalSection
	GlobalSection(SolutionProperties) = preSolution
		HideSolutionNode = FALSE
	EndGlobalSection
	GlobalSection(NestedProjects) = preSolution
		{BC497833-57A2-4E46-A7D0-6C6A2A29CEC4} = {DAD3B299-20F6-4486-B670-720D83A3C723}
		{DAD3B299-20F6-4486-B670-720D83A3C723} = {27F06C56-8DDB-4067-814A-E28565E22EBB}
		{8597293A-D8F0-404D-BD1B-F19EF56D6A1B} = {27F06C56-8DDB-4067-814A-E28565E22EBB}
		{31B5751E-1880-4292-8386-9C396066C7F0} = {8597293A-D8F0-404D-BD1B-F19EF56D6A1B}
		{1E9FF06C-3EF1-4726-97FD-E5D558127869} = {27F06C56-8DDB-4067-814A-E28565E22EBB}
		{C2BB3C06-4A58-4DBF-8A0B-E70578385CAD} = {1E9FF06C-3EF1-4726-97FD-E5D558127869}
		{E97991A3-AC38-4ACE-8237-0FE45876AF0C} = {27F06C56-8DDB-4067-814A-E28565E22EBB}
		{622BAC44-EF1A-4D9F-ABAA-90609EA9C823} = {E97991A3-AC38-4ACE-8237-0FE45876AF0C}
		{9E669363-D6F4-49D8-A13C-392475C5F41A} = {8F1BE1A3-73EA-4287-BC47-154F743B6AFD}
	EndGlobalSection
	GlobalSection(ExtensibilityGlobals) = postSolution
		SolutionGuid = {EA9DF32E-E1E5-4F93-BC3F-70AE94D561EC}
	EndGlobalSection
EndGlobal
